dependencies:
  rfc6902: 3.0.4
devDependencies:
  typescript: 3.7.2
lockfileVersion: 5.1
packages:
  /rfc6902/3.0.4:
    dev: false
    resolution:
      integrity: sha512-OnzreaZXrwT5w2ikKXWr5QcuI7NZpL+J3hIkAwozjOnKVUL7fPsB8Vcmu8YBiiou1/r3V0Jc0T1uQDyfAPvLzA==
  /typescript/3.7.2:
    dev: true
    engines:
      node: '>=4.2.0'
    hasBin: true
    resolution:
      integrity: sha512-ml7V7JfiN2Xwvcer+XAf2csGO1bPBdRbFCkYBczNZggrBZ9c7G3riSUeJmqEU5uOtXNPMhE3n+R4FA/3YOAWOQ==
specifiers:
  rfc6902: ^3.0.4
  typescript: ^3.7.2
